
Microsoft Visual Studio Solution File, Format Version 12.00
# Visual Studio Version 17
VisualStudioVersion = 17.6.33829.357
MinimumVisualStudioVersion = 10.0.40219.1
Project("{FAE04EC0-301F-11D3-BF4B-00C04F79EFBC}") = "xylOVRChat", "xylOVRChat\xylOVRChat.csproj", "{598CB1D7-D239-480E-BC3F-F12C8072BC9C}"
EndProject
Global
	GlobalSection(SolutionConfigurationPlatforms) = preSolution
		Debug|Any CPU = Debug|Any CPU
		Release|Any CPU = Release|Any CPU
	EndGlobalSection
	GlobalSection(ProjectConfigurationPlatforms) = postSolution
		{598CB1D7-D239-480E-BC3F-F12C8072BC9C}.Debug|Any CPU.ActiveCfg = Debug|Any CPU
		{598CB1D7-D239-480E-BC3F-F12C8072BC9C}.Debug|Any CPU.Build.0 = Debug|Any CPU
		{598CB1D7-D239-480E-BC3F-F12C8072BC9C}.Release|Any CPU.ActiveCfg = Release|Any CPU
		{598CB1D7-D239-480E-BC3F-F12C8072BC9C}.Release|Any CPU.Build.0 = Release|Any CPU
	EndGlobalSection
	GlobalSection(SolutionProperties) = preSolution
		HideSolutionNode = FALSE
	EndGlobalSection
	GlobalSection(ExtensibilityGlobals) = postSolution
		SolutionGuid = {818DFF6C-5B5F-4F7A-9678-644B2D2F6391}
	EndGlobalSection
EndGlobal
